// !$*UTF8*$!
{
	archiveVersion = 1;
	classes = {
	};
	objectVersion = 50;
	objects = {

/* Begin PBXBuildFile section */
		49C5A42BBFC9DD551EC1C2E5 /* Pods_NewsUITests.framework in Frameworks */ = {isa = PBXBuildFile; fileRef = C7198029ECAEE2BED2C33B9A /* Pods_NewsUITests.framework */; };
		8BDE9727D42A84F945B5CB40 /* Pods_News.framework in Frameworks */ = {isa = PBXBuildFile; fileRef = 26E1D27EAE955FB0FABD2F58 /* Pods_News.framework */; };
		90DDC51E84C04616E20A41C2 /* Pods_NewsTests.framework in Frameworks */ = {isa = PBXBuildFile; fileRef = 71478A5168E3B9166C287A32 /* Pods_NewsTests.framework */; };
		AE034B8E221E800500CE0EE5 /* NavigationBarView.swift in Sources */ = {isa = PBXBuildFile; fileRef = AE034B8D221E800500CE0EE5 /* NavigationBarView.swift */; };
		AE034B90221E802400CE0EE5 /* NavigationBarView.xib in Resources */ = {isa = PBXBuildFile; fileRef = AE034B8F221E802400CE0EE5 /* NavigationBarView.xib */; };
		AE034B92221E9ABC00CE0EE5 /* RelationRecommandView.swift in Sources */ = {isa = PBXBuildFile; fileRef = AE034B91221E9ABC00CE0EE5 /* RelationRecommandView.swift */; };
		AE034B94221E9ADF00CE0EE5 /* RelationRecommandView.xib in Resources */ = {isa = PBXBuildFile; fileRef = AE034B93221E9ADF00CE0EE5 /* RelationRecommandView.xib */; };
		AE034B97221E9F4500CE0EE5 /* RelationRecommandCell.swift in Sources */ = {isa = PBXBuildFile; fileRef = AE034B95221E9F4500CE0EE5 /* RelationRecommandCell.swift */; };
		AE034B98221E9F4500CE0EE5 /* RelationRecommandCell.xib in Resources */ = {isa = PBXBuildFile; fileRef = AE034B96221E9F4500CE0EE5 /* RelationRecommandCell.xib */; };
		AE0DEA5D221C3EDC00F9827E /* UserDetail.swift in Sources */ = {isa = PBXBuildFile; fileRef = AE0DEA5C221C3EDC00F9827E /* UserDetail.swift */; };
		AE1A4A972216550F004DFFB9 /* Const.swift in Sources */ = {isa = PBXBuildFile; fileRef = AE1A4A962216550F004DFFB9 /* Const.swift */; };
		AE1A4A9D221655F0004DFFB9 /* UIColor.swift in Sources */ = {isa = PBXBuildFile; fileRef = AE1A4A9C221655F0004DFFB9 /* UIColor.swift */; };
		AE1A4AA0221661B8004DFFB9 /* Network.swift in Sources */ = {isa = PBXBuildFile; fileRef = AE1A4A9F221661B8004DFFB9 /* Network.swift */; };
		AE1E7520222F5F6D0094EB07 /* emoji_sort.plist in Resources */ = {isa = PBXBuildFile; fileRef = AE1E751D222F5F6D0094EB07 /* emoji_sort.plist */; };
		AE1E7521222F5F6D0094EB07 /* emojis.plist in Resources */ = {isa = PBXBuildFile; fileRef = AE1E751E222F5F6D0094EB07 /* emojis.plist */; };
		AE1E7522222F5F6D0094EB07 /* emoji_mapping.plist in Resources */ = {isa = PBXBuildFile; fileRef = AE1E751F222F5F6D0094EB07 /* emoji_mapping.plist */; };
		AE1E7524222F5FA80094EB07 /* Emoji.swift in Sources */ = {isa = PBXBuildFile; fileRef = AE1E7523222F5FA80094EB07 /* Emoji.swift */; };
		AE22DC39221AE786000C1E20 /* SQLite.swift in Sources */ = {isa = PBXBuildFile; fileRef = AE22DC38221AE786000C1E20 /* SQLite.swift */; };
		AE22DC3B221AE7D5000C1E20 /* libsqlite3.0.tbd in Frameworks */ = {isa = PBXBuildFile; fileRef = AE22DC3A221AE7D5000C1E20 /* libsqlite3.0.tbd */; };
		AE231FCE22195069004F0D1A /* MoreLoginViewController.swift in Sources */ = {isa = PBXBuildFile; fileRef = AE231FCD22195069004F0D1A /* MoreLoginViewController.swift */; };
		AE231FD0221950A3004F0D1A /* MoreLoginViewController.storyboard in Resources */ = {isa = PBXBuildFile; fileRef = AE231FCF221950A3004F0D1A /* MoreLoginViewController.storyboard */; };
		AE2EA177222CC04F003FDEB1 /* Int.swift in Sources */ = {isa = PBXBuildFile; fileRef = AE2EA176222CC04F003FDEB1 /* Int.swift */; };
		AE2EA179222CC443003FDEB1 /* Date.swift in Sources */ = {isa = PBXBuildFile; fileRef = AE2EA178222CC443003FDEB1 /* Date.swift */; };
		AE2EA17B222CF772003FDEB1 /* HomeNavigationBar.swift in Sources */ = {isa = PBXBuildFile; fileRef = AE2EA17A222CF772003FDEB1 /* HomeNavigationBar.swift */; };
		AE2EA17D222CF783003FDEB1 /* HomeNavigationBar.xib in Resources */ = {isa = PBXBuildFile; fileRef = AE2EA17C222CF783003FDEB1 /* HomeNavigationBar.xib */; };
		AE2EA18C222D1D77003FDEB1 /* WeiViewController.swift in Sources */ = {isa = PBXBuildFile; fileRef = AE2EA18A222D1D77003FDEB1 /* WeiViewController.swift */; };
		AE2EA18D222D1D77003FDEB1 /* WeiViewController.xib in Resources */ = {isa = PBXBuildFile; fileRef = AE2EA18B222D1D77003FDEB1 /* WeiViewController.xib */; };
		AE2EA190222D2866003FDEB1 /* PreviewLagerImageViewController.swift in Sources */ = {isa = PBXBuildFile; fileRef = AE2EA18E222D2866003FDEB1 /* PreviewLagerImageViewController.swift */; };
		AE2EA191222D2866003FDEB1 /* PreviewLagerImageViewController.xib in Resources */ = {isa = PBXBuildFile; fileRef = AE2EA18F222D2866003FDEB1 /* PreviewLagerImageViewController.xib */; };
		AE375B6A2224F09C00CC8F25 /* Calculate.swift in Sources */ = {isa = PBXBuildFile; fileRef = AE375B692224F09C00CC8F25 /* Calculate.swift */; };
		AE375B6C2225104200CC8F25 /* PostVideoOrArticleView.swift in Sources */ = {isa = PBXBuildFile; fileRef = AE375B6B2225104200CC8F25 /* PostVideoOrArticleView.swift */; };
		AE375B6E2225105100CC8F25 /* PostVideoOrArticleView.xib in Resources */ = {isa = PBXBuildFile; fileRef = AE375B6D2225105100CC8F25 /* PostVideoOrArticleView.xib */; };
		AE375B71222540BB00CC8F25 /* DongtaiCollectionCell.swift in Sources */ = {isa = PBXBuildFile; fileRef = AE375B6F222540BB00CC8F25 /* DongtaiCollectionCell.swift */; };
		AE375B72222540BB00CC8F25 /* DongtaiCollectionCell.xib in Resources */ = {isa = PBXBuildFile; fileRef = AE375B70222540BB00CC8F25 /* DongtaiCollectionCell.xib */; };
		AE4401012216B2160097DEA9 /* MineOtherCell.swift in Sources */ = {isa = PBXBuildFile; fileRef = AE4400FF2216B2160097DEA9 /* MineOtherCell.swift */; };
		AE4401022216B2160097DEA9 /* MineOtherCell.xib in Resources */ = {isa = PBXBuildFile; fileRef = AE4401002216B2160097DEA9 /* MineOtherCell.xib */; };
		AE46B8FC22170300006B75DD /* MineFirstSectionCell.swift in Sources */ = {isa = PBXBuildFile; fileRef = AE46B8FA22170300006B75DD /* MineFirstSectionCell.swift */; };
		AE46B8FD22170300006B75DD /* MineFirstSectionCell.xib in Resources */ = {isa = PBXBuildFile; fileRef = AE46B8FB22170300006B75DD /* MineFirstSectionCell.xib */; };
		AE46B8FF22179BCD006B75DD /* UIView.swift in Sources */ = {isa = PBXBuildFile; fileRef = AE46B8FE22179BCD006B75DD /* UIView.swift */; };
		AE46B90122179C70006B75DD /* UITableView.swift in Sources */ = {isa = PBXBuildFile; fileRef = AE46B90022179C70006B75DD /* UITableView.swift */; };
		AE46B90322179EB9006B75DD /* UICollectionView.swift in Sources */ = {isa = PBXBuildFile; fileRef = AE46B90222179EB9006B75DD /* UICollectionView.swift */; };
		AE46B9062217AFED006B75DD /* MineConcernCell.swift in Sources */ = {isa = PBXBuildFile; fileRef = AE46B9042217AFED006B75DD /* MineConcernCell.swift */; };
		AE46B9072217AFED006B75DD /* MineConcernCell.xib in Resources */ = {isa = PBXBuildFile; fileRef = AE46B9052217AFED006B75DD /* MineConcernCell.xib */; };
		AE46B9092217C82C006B75DD /* NoLoginHeaderView.swift in Sources */ = {isa = PBXBuildFile; fileRef = AE46B9082217C82C006B75DD /* NoLoginHeaderView.swift */; };
		AE46B90B2217C849006B75DD /* NoLoginHeaderView.xib in Resources */ = {isa = PBXBuildFile; fileRef = AE46B90A2217C849006B75DD /* NoLoginHeaderView.xib */; };
		AE46B90D2217E29C006B75DD /* Theme.swift in Sources */ = {isa = PBXBuildFile; fileRef = AE46B90C2217E29C006B75DD /* Theme.swift */; };
		AE46B9102217E4D6006B75DD /* default_theme.plist in Resources */ = {isa = PBXBuildFile; fileRef = AE46B90F2217E4D6006B75DD /* default_theme.plist */; };
		AE46B9122217E4F1006B75DD /* night_theme.plist in Resources */ = {isa = PBXBuildFile; fileRef = AE46B9112217E4F1006B75DD /* night_theme.plist */; };
		AE48AC0F221A418500FA2015 /* SettingViewController.swift in Sources */ = {isa = PBXBuildFile; fileRef = AE48AC0E221A418500FA2015 /* SettingViewController.swift */; };
		AE48AC11221A45BA00FA2015 /* Setting.plist in Resources */ = {isa = PBXBuildFile; fileRef = AE48AC10221A45BA00FA2015 /* Setting.plist */; };
		AE48AC13221A4C6C00FA2015 /* MineCellModel.swift in Sources */ = {isa = PBXBuildFile; fileRef = AE48AC12221A4C6C00FA2015 /* MineCellModel.swift */; };
		AE48AC15221A4C9600FA2015 /* SettingModel.swift in Sources */ = {isa = PBXBuildFile; fileRef = AE48AC14221A4C9600FA2015 /* SettingModel.swift */; };
		AE48AC18221A519F00FA2015 /* SettingCell.swift in Sources */ = {isa = PBXBuildFile; fileRef = AE48AC16221A519F00FA2015 /* SettingCell.swift */; };
		AE48AC19221A519F00FA2015 /* SettingCell.xib in Resources */ = {isa = PBXBuildFile; fileRef = AE48AC17221A519F00FA2015 /* SettingCell.xib */; };
		AE48AC1C221AA41700FA2015 /* OfflineDownloadController.swift in Sources */ = {isa = PBXBuildFile; fileRef = AE48AC1B221AA41700FA2015 /* OfflineDownloadController.swift */; };
		AE48AC1F221AA57200FA2015 /* OfflineDownloadCell.swift in Sources */ = {isa = PBXBuildFile; fileRef = AE48AC1D221AA57200FA2015 /* OfflineDownloadCell.swift */; };
		AE48AC20221AA57200FA2015 /* OfflineDownloadCell.xib in Resources */ = {isa = PBXBuildFile; fileRef = AE48AC1E221AA57200FA2015 /* OfflineDownloadCell.xib */; };
		AE5C141A221BACA100EF208D /* UserDetailViewController.swift in Sources */ = {isa = PBXBuildFile; fileRef = AE5C1418221BACA100EF208D /* UserDetailViewController.swift */; };
		AE5C141B221BACA100EF208D /* UserDetailViewController.xib in Resources */ = {isa = PBXBuildFile; fileRef = AE5C1419221BACA100EF208D /* UserDetailViewController.xib */; };
		AE5C141D221BB63900EF208D /* UserDetailHeaderView.swift in Sources */ = {isa = PBXBuildFile; fileRef = AE5C141C221BB63900EF208D /* UserDetailHeaderView.swift */; };
		AE5C141F221BB64C00EF208D /* UserDetailHeaderView.xib in Resources */ = {isa = PBXBuildFile; fileRef = AE5C141E221BB64C00EF208D /* UserDetailHeaderView.xib */; };
		AE89A51B221571B5007FF80F /* Assets.xcassets in Resources */ = {isa = PBXBuildFile; fileRef = AE89A51A221571B5007FF80F /* Assets.xcassets */; };
		AEA8CC3A222A65A80055B021 /* DongtaiOriginalThreadView.swift in Sources */ = {isa = PBXBuildFile; fileRef = AEA8CC39222A65A80055B021 /* DongtaiOriginalThreadView.swift */; };
		AEA8CC3E222A6D7C0055B021 /* DongtaiCollectionView.swift in Sources */ = {isa = PBXBuildFile; fileRef = AEA8CC3D222A6D7C0055B021 /* DongtaiCollectionView.swift */; };
		AEA8CC44222A7AAC0055B021 /* DongtaiCollectionView.xib in Resources */ = {isa = PBXBuildFile; fileRef = AEA8CC43222A7AAC0055B021 /* DongtaiCollectionView.xib */; };
		AEA8CC46222A83360055B021 /* DongtaiOriginalThreadView.xib in Resources */ = {isa = PBXBuildFile; fileRef = AEA8CC45222A83360055B021 /* DongtaiOriginalThreadView.xib */; };
		AEB9C70A2215ADD300904DDE /* HomeViewController.swift in Sources */ = {isa = PBXBuildFile; fileRef = AEB9C6EE2215ADD300904DDE /* HomeViewController.swift */; };
		AEB9C70B2215ADD300904DDE /* VideoViewController.swift in Sources */ = {isa = PBXBuildFile; fileRef = AEB9C6F32215ADD300904DDE /* VideoViewController.swift */; };
		AEB9C70C2215ADD300904DDE /* HuoshanViewController.swift in Sources */ = {isa = PBXBuildFile; fileRef = AEB9C6F82215ADD300904DDE /* HuoshanViewController.swift */; };
		AEB9C70D2215ADD300904DDE /* AppDelegate.swift in Sources */ = {isa = PBXBuildFile; fileRef = AEB9C6FC2215ADD300904DDE /* AppDelegate.swift */; };
		AEB9C70F2215ADD300904DDE /* MineViewController.swift in Sources */ = {isa = PBXBuildFile; fileRef = AEB9C7002215ADD300904DDE /* MineViewController.swift */; };
		AEB9C7102215ADD300904DDE /* MyTabBarController.swift in Sources */ = {isa = PBXBuildFile; fileRef = AEB9C7052215ADD300904DDE /* MyTabBarController.swift */; };
		AEB9C7112215ADD300904DDE /* MyNavigationController.swift in Sources */ = {isa = PBXBuildFile; fileRef = AEB9C7062215ADD300904DDE /* MyNavigationController.swift */; };
		AEB9C7122215ADD300904DDE /* MyTabBar.swift in Sources */ = {isa = PBXBuildFile; fileRef = AEB9C7092215ADD300904DDE /* MyTabBar.swift */; };
		AED17667221AA83A00789669 /* HomeNewsTitleModel.swift in Sources */ = {isa = PBXBuildFile; fileRef = AED17666221AA83A00789669 /* HomeNewsTitleModel.swift */; };
		AEDEA615221444F8006074A1 /* Main.storyboard in Resources */ = {isa = PBXBuildFile; fileRef = AEDEA613221444F8006074A1 /* Main.storyboard */; };
		AEDEA61A221444F9006074A1 /* LaunchScreen.storyboard in Resources */ = {isa = PBXBuildFile; fileRef = AEDEA618221444F9006074A1 /* LaunchScreen.storyboard */; };
		AEDEA625221444F9006074A1 /* NewsTests.swift in Sources */ = {isa = PBXBuildFile; fileRef = AEDEA624221444F9006074A1 /* NewsTests.swift */; };
		AEDEA630221444FA006074A1 /* NewsUITests.swift in Sources */ = {isa = PBXBuildFile; fileRef = AEDEA62F221444FA006074A1 /* NewsUITests.swift */; };
		AEEA869D221D534800BD0137 /* UserDetailBottomView.swift in Sources */ = {isa = PBXBuildFile; fileRef = AEEA869C221D534800BD0137 /* UserDetailBottomView.swift */; };
		AEEA869F221E348200BD0137 /* UserDetailBottomPushController.swift in Sources */ = {isa = PBXBuildFile; fileRef = AEEA869E221E348200BD0137 /* UserDetailBottomPushController.swift */; };
		AEEA86A1221E3BAB00BD0137 /* UserDetailBottomPopController.swift in Sources */ = {isa = PBXBuildFile; fileRef = AEEA86A0221E3BAB00BD0137 /* UserDetailBottomPopController.swift */; };
		AEEA86A7221E405000BD0137 /* UserDetailBottomPopController.storyboard in Resources */ = {isa = PBXBuildFile; fileRef = AEEA86A6221E405000BD0137 /* UserDetailBottomPopController.storyboard */; };
		AEEA86A9221E4B1700BD0137 /* PopAnimator.swift in Sources */ = {isa = PBXBuildFile; fileRef = AEEA86A8221E4B1700BD0137 /* PopAnimator.swift */; };
		AEEA86AB221E4EE400BD0137 /* BottomPresentationController.swift in Sources */ = {isa = PBXBuildFile; fileRef = AEEA86AA221E4EE400BD0137 /* BottomPresentationController.swift */; };
		AEFD90472223C2A6002AC12B /* UserDetailDongtaiCell.swift in Sources */ = {isa = PBXBuildFile; fileRef = AEFD90452223C2A6002AC12B /* UserDetailDongtaiCell.swift */; };
		AEFD90482223C2A6002AC12B /* UserDetailDongtaiCell.xib in Resources */ = {isa = PBXBuildFile; fileRef = AEFD90462223C2A6002AC12B /* UserDetailDongtaiCell.xib */; };
/* End PBXBuildFile section */

/* Begin PBXContainerItemProxy section */
		AEDEA621221444F9006074A1 /* PBXContainerItemProxy */ = {
			isa = PBXContainerItemProxy;
			containerPortal = AEDEA604221444F8006074A1 /* Project object */;
			proxyType = 1;
			remoteGlobalIDString = AEDEA60B221444F8006074A1;
			remoteInfo = News;
		};
		AEDEA62C221444FA006074A1 /* PBXContainerItemProxy */ = {
			isa = PBXContainerItemProxy;
			containerPortal = AEDEA604221444F8006074A1 /* Project object */;
			proxyType = 1;
			remoteGlobalIDString = AEDEA60B221444F8006074A1;
			remoteInfo = News;
		};
/* End PBXContainerItemProxy section */

/* Begin PBXFileReference section */
		26E1D27EAE955FB0FABD2F58 /* Pods_News.framework */ = {isa = PBXFileReference; explicitFileType = wrapper.framework; includeInIndex = 0; path = Pods_News.framework; sourceTree = BUILT_PRODUCTS_DIR; };
		289BEF714A13AEF74F25DDDA /* Pods-News.debug.xcconfig */ = {isa = PBXFileReference; includeInIndex = 1; lastKnownFileType = text.xcconfig; name = "Pods-News.debug.xcconfig"; path = "Pods/Target Support Files/Pods-News/Pods-News.debug.xcconfig"; sourceTree = "<group>"; };
		4BDBDC02EEF296B0DFBE16E1 /* Pods-NewsUITests.release.xcconfig */ = {isa = PBXFileReference; includeInIndex = 1; lastKnownFileType = text.xcconfig; name = "Pods-NewsUITests.release.xcconfig"; path = "Pods/Target Support Files/Pods-NewsUITests/Pods-NewsUITests.release.xcconfig"; sourceTree = "<group>"; };
		71478A5168E3B9166C287A32 /* Pods_NewsTests.framework */ = {isa = PBXFileReference; explicitFileType = wrapper.framework; includeInIndex = 0; path = Pods_NewsTests.framework; sourceTree = BUILT_PRODUCTS_DIR; };
		A66482A2D7C7BC802736493C /* Pods-NewsTests.release.xcconfig */ = {isa = PBXFileReference; includeInIndex = 1; lastKnownFileType = text.xcconfig; name = "Pods-NewsTests.release.xcconfig"; path = "Pods/Target Support Files/Pods-NewsTests/Pods-NewsTests.release.xcconfig"; sourceTree = "<group>"; };
		A68672A22171CF60DDF3241A /* Pods-NewsUITests.debug.xcconfig */ = {isa = PBXFileReference; includeInIndex = 1; lastKnownFileType = text.xcconfig; name = "Pods-NewsUITests.debug.xcconfig"; path = "Pods/Target Support Files/Pods-NewsUITests/Pods-NewsUITests.debug.xcconfig"; sourceTree = "<group>"; };
		AE034B8D221E800500CE0EE5 /* NavigationBarView.swift */ = {isa = PBXFileReference; lastKnownFileType = sourcecode.swift; path = NavigationBarView.swift; sourceTree = "<group>"; };
		AE034B8F221E802400CE0EE5 /* NavigationBarView.xib */ = {isa = PBXFileReference; lastKnownFileType = file.xib; path = NavigationBarView.xib; sourceTree = "<group>"; };
		AE034B91221E9ABC00CE0EE5 /* RelationRecommandView.swift */ = {isa = PBXFileReference; lastKnownFileType = sourcecode.swift; path = RelationRecommandView.swift; sourceTree = "<group>"; };
		AE034B93221E9ADF00CE0EE5 /* RelationRecommandView.xib */ = {isa = PBXFileReference; lastKnownFileType = file.xib; path = RelationRecommandView.xib; sourceTree = "<group>"; };
		AE034B95221E9F4500CE0EE5 /* RelationRecommandCell.swift */ = {isa = PBXFileReference; lastKnownFileType = sourcecode.swift; path = RelationRecommandCell.swift; sourceTree = "<group>"; };
		AE034B96221E9F4500CE0EE5 /* RelationRecommandCell.xib */ = {isa = PBXFileReference; lastKnownFileType = file.xib; path = RelationRecommandCell.xib; sourceTree = "<group>"; };
		AE0DEA5C221C3EDC00F9827E /* UserDetail.swift */ = {isa = PBXFileReference; lastKnownFileType = sourcecode.swift; path = UserDetail.swift; sourceTree = "<group>"; };
		AE1A4A962216550F004DFFB9 /* Const.swift */ = {isa = PBXFileReference; lastKnownFileType = sourcecode.swift; path = Const.swift; sourceTree = "<group>"; };
		AE1A4A9C221655F0004DFFB9 /* UIColor.swift */ = {isa = PBXFileReference; fileEncoding = 4; lastKnownFileType = sourcecode.swift; path = UIColor.swift; sourceTree = "<group>"; };
		AE1A4A9F221661B8004DFFB9 /* Network.swift */ = {isa = PBXFileReference; lastKnownFileType = sourcecode.swift; path = Network.swift; sourceTree = "<group>"; };
		AE1E751D222F5F6D0094EB07 /* emoji_sort.plist */ = {isa = PBXFileReference; lastKnownFileType = file.bplist; path = emoji_sort.plist; sourceTree = "<group>"; };
		AE1E751E222F5F6D0094EB07 /* emojis.plist */ = {isa = PBXFileReference; fileEncoding = 4; lastKnownFileType = text.plist.xml; path = emojis.plist; sourceTree = "<group>"; };
		AE1E751F222F5F6D0094EB07 /* emoji_mapping.plist */ = {isa = PBXFileReference; lastKnownFileType = file.bplist; path = emoji_mapping.plist; sourceTree = "<group>"; };
		AE1E7523222F5FA80094EB07 /* Emoji.swift */ = {isa = PBXFileReference; lastKnownFileType = sourcecode.swift; path = Emoji.swift; sourceTree = "<group>"; };
		AE22DC38221AE786000C1E20 /* SQLite.swift */ = {isa = PBXFileReference; lastKnownFileType = sourcecode.swift; path = SQLite.swift; sourceTree = "<group>"; };
		AE22DC3A221AE7D5000C1E20 /* libsqlite3.0.tbd */ = {isa = PBXFileReference; lastKnownFileType = "sourcecode.text-based-dylib-definition"; name = libsqlite3.0.tbd; path = usr/lib/libsqlite3.0.tbd; sourceTree = SDKROOT; };
		AE231FCD22195069004F0D1A /* MoreLoginViewController.swift */ = {isa = PBXFileReference; lastKnownFileType = sourcecode.swift; path = MoreLoginViewController.swift; sourceTree = "<group>"; };
		AE231FCF221950A3004F0D1A /* MoreLoginViewController.storyboard */ = {isa = PBXFileReference; lastKnownFileType = file.storyboard; path = MoreLoginViewController.storyboard; sourceTree = "<group>"; };
		AE2EA176222CC04F003FDEB1 /* Int.swift */ = {isa = PBXFileReference; lastKnownFileType = sourcecode.swift; path = Int.swift; sourceTree = "<group>"; };
		AE2EA178222CC443003FDEB1 /* Date.swift */ = {isa = PBXFileReference; lastKnownFileType = sourcecode.swift; path = Date.swift; sourceTree = "<group>"; };
		AE2EA17A222CF772003FDEB1 /* HomeNavigationBar.swift */ = {isa = PBXFileReference; lastKnownFileType = sourcecode.swift; path = HomeNavigationBar.swift; sourceTree = "<group>"; };
		AE2EA17C222CF783003FDEB1 /* HomeNavigationBar.xib */ = {isa = PBXFileReference; lastKnownFileType = file.xib; path = HomeNavigationBar.xib; sourceTree = "<group>"; };
		AE2EA18A222D1D77003FDEB1 /* WeiViewController.swift */ = {isa = PBXFileReference; lastKnownFileType = sourcecode.swift; path = WeiViewController.swift; sourceTree = "<group>"; };
		AE2EA18B222D1D77003FDEB1 /* WeiViewController.xib */ = {isa = PBXFileReference; lastKnownFileType = file.xib; path = WeiViewController.xib; sourceTree = "<group>"; };
		AE2EA18E222D2866003FDEB1 /* PreviewLagerImageViewController.swift */ = {isa = PBXFileReference; lastKnownFileType = sourcecode.swift; path = PreviewLagerImageViewController.swift; sourceTree = "<group>"; };
		AE2EA18F222D2866003FDEB1 /* PreviewLagerImageViewController.xib */ = {isa = PBXFileReference; lastKnownFileType = file.xib; path = PreviewLagerImageViewController.xib; sourceTree = "<group>"; };
		AE375B692224F09C00CC8F25 /* Calculate.swift */ = {isa = PBXFileReference; lastKnownFileType = sourcecode.swift; path = Calculate.swift; sourceTree = "<group>"; };
		AE375B6B2225104200CC8F25 /* PostVideoOrArticleView.swift */ = {isa = PBXFileReference; lastKnownFileType = sourcecode.swift; path = PostVideoOrArticleView.swift; sourceTree = "<group>"; };
		AE375B6D2225105100CC8F25 /* PostVideoOrArticleView.xib */ = {isa = PBXFileReference; lastKnownFileType = file.xib; path = PostVideoOrArticleView.xib; sourceTree = "<group>"; };
		AE375B6F222540BB00CC8F25 /* DongtaiCollectionCell.swift */ = {isa = PBXFileReference; lastKnownFileType = sourcecode.swift; path = DongtaiCollectionCell.swift; sourceTree = "<group>"; };
		AE375B70222540BB00CC8F25 /* DongtaiCollectionCell.xib */ = {isa = PBXFileReference; lastKnownFileType = file.xib; path = DongtaiCollectionCell.xib; sourceTree = "<group>"; };
		AE4400FF2216B2160097DEA9 /* MineOtherCell.swift */ = {isa = PBXFileReference; lastKnownFileType = sourcecode.swift; path = MineOtherCell.swift; sourceTree = "<group>"; };
		AE4401002216B2160097DEA9 /* MineOtherCell.xib */ = {isa = PBXFileReference; lastKnownFileType = file.xib; path = MineOtherCell.xib; sourceTree = "<group>"; };
		AE46B8FA22170300006B75DD /* MineFirstSectionCell.swift */ = {isa = PBXFileReference; lastKnownFileType = sourcecode.swift; path = MineFirstSectionCell.swift; sourceTree = "<group>"; };
		AE46B8FB22170300006B75DD /* MineFirstSectionCell.xib */ = {isa = PBXFileReference; lastKnownFileType = file.xib; path = MineFirstSectionCell.xib; sourceTree = "<group>"; };
		AE46B8FE22179BCD006B75DD /* UIView.swift */ = {isa = PBXFileReference; lastKnownFileType = sourcecode.swift; path = UIView.swift; sourceTree = "<group>"; };
		AE46B90022179C70006B75DD /* UITableView.swift */ = {isa = PBXFileReference; lastKnownFileType = sourcecode.swift; path = UITableView.swift; sourceTree = "<group>"; };
		AE46B90222179EB9006B75DD /* UICollectionView.swift */ = {isa = PBXFileReference; lastKnownFileType = sourcecode.swift; path = UICollectionView.swift; sourceTree = "<group>"; };
		AE46B9042217AFED006B75DD /* MineConcernCell.swift */ = {isa = PBXFileReference; lastKnownFileType = sourcecode.swift; path = MineConcernCell.swift; sourceTree = "<group>"; };
		AE46B9052217AFED006B75DD /* MineConcernCell.xib */ = {isa = PBXFileReference; lastKnownFileType = file.xib; path = MineConcernCell.xib; sourceTree = "<group>"; };
		AE46B9082217C82C006B75DD /* NoLoginHeaderView.swift */ = {isa = PBXFileReference; lastKnownFileType = sourcecode.swift; path = NoLoginHeaderView.swift; sourceTree = "<group>"; };
		AE46B90A2217C849006B75DD /* NoLoginHeaderView.xib */ = {isa = PBXFileReference; lastKnownFileType = file.xib; path = NoLoginHeaderView.xib; sourceTree = "<group>"; };
		AE46B90C2217E29C006B75DD /* Theme.swift */ = {isa = PBXFileReference; lastKnownFileType = sourcecode.swift; path = Theme.swift; sourceTree = "<group>"; };
		AE46B90F2217E4D6006B75DD /* default_theme.plist */ = {isa = PBXFileReference; lastKnownFileType = text.plist.xml; path = default_theme.plist; sourceTree = "<group>"; };
		AE46B9112217E4F1006B75DD /* night_theme.plist */ = {isa = PBXFileReference; lastKnownFileType = text.plist.xml; path = night_theme.plist; sourceTree = "<group>"; };
		AE48AC0E221A418500FA2015 /* SettingViewController.swift */ = {isa = PBXFileReference; lastKnownFileType = sourcecode.swift; path = SettingViewController.swift; sourceTree = "<group>"; };
		AE48AC10221A45BA00FA2015 /* Setting.plist */ = {isa = PBXFileReference; lastKnownFileType = text.plist.xml; path = Setting.plist; sourceTree = "<group>"; };
		AE48AC12221A4C6C00FA2015 /* MineCellModel.swift */ = {isa = PBXFileReference; fileEncoding = 4; lastKnownFileType = sourcecode.swift; path = MineCellModel.swift; sourceTree = "<group>"; };
		AE48AC14221A4C9600FA2015 /* SettingModel.swift */ = {isa = PBXFileReference; lastKnownFileType = sourcecode.swift; path = SettingModel.swift; sourceTree = "<group>"; };
		AE48AC16221A519F00FA2015 /* SettingCell.swift */ = {isa = PBXFileReference; lastKnownFileType = sourcecode.swift; path = SettingCell.swift; sourceTree = "<group>"; };
		AE48AC17221A519F00FA2015 /* SettingCell.xib */ = {isa = PBXFileReference; lastKnownFileType = file.xib; path = SettingCell.xib; sourceTree = "<group>"; };
		AE48AC1B221AA41700FA2015 /* OfflineDownloadController.swift */ = {isa = PBXFileReference; lastKnownFileType = sourcecode.swift; path = OfflineDownloadController.swift; sourceTree = "<group>"; };
		AE48AC1D221AA57200FA2015 /* OfflineDownloadCell.swift */ = {isa = PBXFileReference; lastKnownFileType = sourcecode.swift; path = OfflineDownloadCell.swift; sourceTree = "<group>"; };
		AE48AC1E221AA57200FA2015 /* OfflineDownloadCell.xib */ = {isa = PBXFileReference; lastKnownFileType = file.xib; path = OfflineDownloadCell.xib; sourceTree = "<group>"; };
		AE5C1418221BACA100EF208D /* UserDetailViewController.swift */ = {isa = PBXFileReference; lastKnownFileType = sourcecode.swift; path = UserDetailViewController.swift; sourceTree = "<group>"; };
		AE5C1419221BACA100EF208D /* UserDetailViewController.xib */ = {isa = PBXFileReference; lastKnownFileType = file.xib; path = UserDetailViewController.xib; sourceTree = "<group>"; };
		AE5C141C221BB63900EF208D /* UserDetailHeaderView.swift */ = {isa = PBXFileReference; lastKnownFileType = sourcecode.swift; path = UserDetailHeaderView.swift; sourceTree = "<group>"; };
		AE5C141E221BB64C00EF208D /* UserDetailHeaderView.xib */ = {isa = PBXFileReference; lastKnownFileType = file.xib; path = UserDetailHeaderView.xib; sourceTree = "<group>"; };
		AE89A51A221571B5007FF80F /* Assets.xcassets */ = {isa = PBXFileReference; lastKnownFileType = folder.assetcatalog; path = Assets.xcassets; sourceTree = "<group>"; };
		AEA8CC39222A65A80055B021 /* DongtaiOriginalThreadView.swift */ = {isa = PBXFileReference; lastKnownFileType = sourcecode.swift; path = DongtaiOriginalThreadView.swift; sourceTree = "<group>"; };
		AEA8CC3D222A6D7C0055B021 /* DongtaiCollectionView.swift */ = {isa = PBXFileReference; lastKnownFileType = sourcecode.swift; path = DongtaiCollectionView.swift; sourceTree = "<group>"; };
		AEA8CC43222A7AAC0055B021 /* DongtaiCollectionView.xib */ = {isa = PBXFileReference; fileEncoding = 4; lastKnownFileType = file.xib; path = DongtaiCollectionView.xib; sourceTree = "<group>"; };
		AEA8CC45222A83360055B021 /* DongtaiOriginalThreadView.xib */ = {isa = PBXFileReference; lastKnownFileType = file.xib; path = DongtaiOriginalThreadView.xib; sourceTree = "<group>"; };
		AEB9C6EE2215ADD300904DDE /* HomeViewController.swift */ = {isa = PBXFileReference; fileEncoding = 4; lastKnownFileType = sourcecode.swift; path = HomeViewController.swift; sourceTree = "<group>"; };
		AEB9C6F32215ADD300904DDE /* VideoViewController.swift */ = {isa = PBXFileReference; fileEncoding = 4; lastKnownFileType = sourcecode.swift; path = VideoViewController.swift; sourceTree = "<group>"; };
		AEB9C6F82215ADD300904DDE /* HuoshanViewController.swift */ = {isa = PBXFileReference; fileEncoding = 4; lastKnownFileType = sourcecode.swift; path = HuoshanViewController.swift; sourceTree = "<group>"; };
		AEB9C6FC2215ADD300904DDE /* AppDelegate.swift */ = {isa = PBXFileReference; fileEncoding = 4; lastKnownFileType = sourcecode.swift; path = AppDelegate.swift; sourceTree = "<group>"; };
		AEB9C6FD2215ADD300904DDE /* Info.plist */ = {isa = PBXFileReference; fileEncoding = 4; lastKnownFileType = text.plist.xml; path = Info.plist; sourceTree = "<group>"; };
		AEB9C7002215ADD300904DDE /* MineViewController.swift */ = {isa = PBXFileReference; fileEncoding = 4; lastKnownFileType = sourcecode.swift; path = MineViewController.swift; sourceTree = "<group>"; };
		AEB9C7052215ADD300904DDE /* MyTabBarController.swift */ = {isa = PBXFileReference; fileEncoding = 4; lastKnownFileType = sourcecode.swift; path = MyTabBarController.swift; sourceTree = "<group>"; };
		AEB9C7062215ADD300904DDE /* MyNavigationController.swift */ = {isa = PBXFileReference; fileEncoding = 4; lastKnownFileType = sourcecode.swift; path = MyNavigationController.swift; sourceTree = "<group>"; };
		AEB9C7092215ADD300904DDE /* MyTabBar.swift */ = {isa = PBXFileReference; fileEncoding = 4; lastKnownFileType = sourcecode.swift; path = MyTabBar.swift; sourceTree = "<group>"; };
		AED17666221AA83A00789669 /* HomeNewsTitleModel.swift */ = {isa = PBXFileReference; lastKnownFileType = sourcecode.swift; path = HomeNewsTitleModel.swift; sourceTree = "<group>"; };
		AEDEA60C221444F8006074A1 /* News.app */ = {isa = PBXFileReference; explicitFileType = wrapper.application; includeInIndex = 0; path = News.app; sourceTree = BUILT_PRODUCTS_DIR; };
		AEDEA614221444F8006074A1 /* Base */ = {isa = PBXFileReference; lastKnownFileType = file.storyboard; name = Base; path = Base.lproj/Main.storyboard; sourceTree = "<group>"; };
		AEDEA619221444F9006074A1 /* Base */ = {isa = PBXFileReference; lastKnownFileType = file.storyboard; name = Base; path = Base.lproj/LaunchScreen.storyboard; sourceTree = "<group>"; };
		AEDEA620221444F9006074A1 /* NewsTests.xctest */ = {isa = PBXFileReference; explicitFileType = wrapper.cfbundle; includeInIndex = 0; path = NewsTests.xctest; sourceTree = BUILT_PRODUCTS_DIR; };
		AEDEA624221444F9006074A1 /* NewsTests.swift */ = {isa = PBXFileReference; lastKnownFileType = sourcecode.swift; path = NewsTests.swift; sourceTree = "<group>"; };
		AEDEA626221444F9006074A1 /* Info.plist */ = {isa = PBXFileReference; lastKnownFileType = text.plist.xml; path = Info.plist; sourceTree = "<group>"; };
		AEDEA62B221444FA006074A1 /* NewsUITests.xctest */ = {isa = PBXFileReference; explicitFileType = wrapper.cfbundle; includeInIndex = 0; path = NewsUITests.xctest; sourceTree = BUILT_PRODUCTS_DIR; };
		AEDEA62F221444FA006074A1 /* NewsUITests.swift */ = {isa = PBXFileReference; lastKnownFileType = sourcecode.swift; path = NewsUITests.swift; sourceTree = "<group>"; };
		AEDEA631221444FA006074A1 /* Info.plist */ = {isa = PBXFileReference; lastKnownFileType = text.plist.xml; path = Info.plist; sourceTree = "<group>"; };
		AEEA869C221D534800BD0137 /* UserDetailBottomView.swift */ = {isa = PBXFileReference; lastKnownFileType = sourcecode.swift; path = UserDetailBottomView.swift; sourceTree = "<group>"; };
		AEEA869E221E348200BD0137 /* UserDetailBottomPushController.swift */ = {isa = PBXFileReference; lastKnownFileType = sourcecode.swift; path = UserDetailBottomPushController.swift; sourceTree = "<group>"; };
		AEEA86A0221E3BAB00BD0137 /* UserDetailBottomPopController.swift */ = {isa = PBXFileReference; lastKnownFileType = sourcecode.swift; path = UserDetailBottomPopController.swift; sourceTree = "<group>"; };
		AEEA86A6221E405000BD0137 /* UserDetailBottomPopController.storyboard */ = {isa = PBXFileReference; lastKnownFileType = file.storyboard; path = UserDetailBottomPopController.storyboard; sourceTree = "<group>"; };
		AEEA86A8221E4B1700BD0137 /* PopAnimator.swift */ = {isa = PBXFileReference; lastKnownFileType = sourcecode.swift; path = PopAnimator.swift; sourceTree = "<group>"; };
		AEEA86AA221E4EE400BD0137 /* BottomPresentationController.swift */ = {isa = PBXFileReference; lastKnownFileType = sourcecode.swift; path = BottomPresentationController.swift; sourceTree = "<group>"; };
		AEFD90452223C2A6002AC12B /* UserDetailDongtaiCell.swift */ = {isa = PBXFileReference; lastKnownFileType = sourcecode.swift; path = UserDetailDongtaiCell.swift; sourceTree = "<group>"; };
		AEFD90462223C2A6002AC12B /* UserDetailDongtaiCell.xib */ = {isa = PBXFileReference; lastKnownFileType = file.xib; path = UserDetailDongtaiCell.xib; sourceTree = "<group>"; };
		B6F5A65223178E2789774493 /* Pods-News.release.xcconfig */ = {isa = PBXFileReference; includeInIndex = 1; lastKnownFileType = text.xcconfig; name = "Pods-News.release.xcconfig"; path = "Pods/Target Support Files/Pods-News/Pods-News.release.xcconfig"; sourceTree = "<group>"; };
		C7198029ECAEE2BED2C33B9A /* Pods_NewsUITests.framework */ = {isa = PBXFileReference; explicitFileType = wrapper.framework; includeInIndex = 0; path = Pods_NewsUITests.framework; sourceTree = BUILT_PRODUCTS_DIR; };
		DD3AD172EA443DA7498645FF /* Pods-NewsTests.debug.xcconfig */ = {isa = PBXFileReference; includeInIndex = 1; lastKnownFileType = text.xcconfig; name = "Pods-NewsTests.debug.xcconfig"; path = "Pods/Target Support Files/Pods-NewsTests/Pods-NewsTests.debug.xcconfig"; sourceTree = "<group>"; };
/* End PBXFileReference section */

/* Begin PBXFrameworksBuildPhase section */
		AEDEA609221444F8006074A1 /* Frameworks */ = {
			isa = PBXFrameworksBuildPhase;
			buildActionMask = 2147483647;
			files = (
				AE22DC3B221AE7D5000C1E20 /* libsqlite3.0.tbd in Frameworks */,
				8BDE9727D42A84F945B5CB40 /* Pods_News.framework in Frameworks */,
			);
			runOnlyForDeploymentPostprocessing = 0;
		};
		AEDEA61D221444F9006074A1 /* Frameworks */ = {
			isa = PBXFrameworksBuildPhase;
			buildActionMask = 2147483647;
			files = (
				90DDC51E84C04616E20A41C2 /* Pods_NewsTests.framework in Frameworks */,
			);
			runOnlyForDeploymentPostprocessing = 0;
		};
		AEDEA628221444F9006074A1 /* Frameworks */ = {
			isa = PBXFrameworksBuildPhase;
			buildActionMask = 2147483647;
			files = (
				49C5A42BBFC9DD551EC1C2E5 /* Pods_NewsUITests.framework in Frameworks */,
			);
			runOnlyForDeploymentPostprocessing = 0;
		};
/* End PBXFrameworksBuildPhase section */

/* Begin PBXGroup section */
		0B3787F5400BD04ECC5E77A2 /* Frameworks */ = {
			isa = PBXGroup;
			children = (
				AE22DC3A221AE7D5000C1E20 /* libsqlite3.0.tbd */,
				26E1D27EAE955FB0FABD2F58 /* Pods_News.framework */,
				71478A5168E3B9166C287A32 /* Pods_NewsTests.framework */,
				C7198029ECAEE2BED2C33B9A /* Pods_NewsUITests.framework */,
			);
			name = Frameworks;
			sourceTree = "<group>";
		};
		6A547787E7FDA241C42378FD /* Pods */ = {
			isa = PBXGroup;
			children = (
				289BEF714A13AEF74F25DDDA /* Pods-News.debug.xcconfig */,
				B6F5A65223178E2789774493 /* Pods-News.release.xcconfig */,
				DD3AD172EA443DA7498645FF /* Pods-NewsTests.debug.xcconfig */,
				A66482A2D7C7BC802736493C /* Pods-NewsTests.release.xcconfig */,
				A68672A22171CF60DDF3241A /* Pods-NewsUITests.debug.xcconfig */,
				4BDBDC02EEF296B0DFBE16E1 /* Pods-NewsUITests.release.xcconfig */,
			);
			name = Pods;
			sourceTree = "<group>";
		};
		AE1A4A9B221655F0004DFFB9 /* Extension */ = {
			isa = PBXGroup;
			children = (
				AE2EA175222CC039003FDEB1 /* Foundation */,
				AE2EA174222CC014003FDEB1 /* UIKit */,
			);
			path = Extension;
			sourceTree = "<group>";
		};
		AE1A4A9E22165D33004DFFB9 /* Tools */ = {
			isa = PBXGroup;
			children = (
				AE1A4A9F221661B8004DFFB9 /* Network.swift */,
				AE46B90C2217E29C006B75DD /* Theme.swift */,
				AE22DC38221AE786000C1E20 /* SQLite.swift */,
				AE375B692224F09C00CC8F25 /* Calculate.swift */,
				AE1E7523222F5FA80094EB07 /* Emoji.swift */,
			);
			path = Tools;
			sourceTree = "<group>";
		};
		AE2EA174222CC014003FDEB1 /* UIKit */ = {
			isa = PBXGroup;
			children = (
				AE1A4A9C221655F0004DFFB9 /* UIColor.swift */,
				AE46B8FE22179BCD006B75DD /* UIView.swift */,
				AE46B90022179C70006B75DD /* UITableView.swift */,
				AE46B90222179EB9006B75DD /* UICollectionView.swift */,
			);
			path = UIKit;
			sourceTree = "<group>";
		};
		AE2EA175222CC039003FDEB1 /* Foundation */ = {
			isa = PBXGroup;
			children = (
				AE2EA176222CC04F003FDEB1 /* Int.swift */,
				AE2EA178222CC443003FDEB1 /* Date.swift */,
			);
			path = Foundation;
			sourceTree = "<group>";
		};
		AE2EA17E222D1B45003FDEB1 /* Wei */ = {
			isa = PBXGroup;
			children = (
				AE2EA17F222D1B45003FDEB1 /* Controller */,
				AE2EA181222D1B45003FDEB1 /* Model */,
				AE2EA182222D1B46003FDEB1 /* View */,
			);
			path = Wei;
			sourceTree = "<group>";
		};
		AE2EA17F222D1B45003FDEB1 /* Controller */ = {
			isa = PBXGroup;
			children = (
				AE2EA18A222D1D77003FDEB1 /* WeiViewController.swift */,
				AE2EA18B222D1D77003FDEB1 /* WeiViewController.xib */,
			);
			path = Controller;
			sourceTree = "<group>";
		};
		AE2EA181222D1B45003FDEB1 /* Model */ = {
			isa = PBXGroup;
			children = (
			);
			path = Model;
			sourceTree = "<group>";
		};
		AE2EA182222D1B46003FDEB1 /* View */ = {
			isa = PBXGroup;
			children = (
			);
			path = View;
			sourceTree = "<group>";
		};
		AE46B90E2217E4AC006B75DD /* Theme */ = {
			isa = PBXGroup;
			children = (
				AE46B90F2217E4D6006B75DD /* default_theme.plist */,
				AE46B9112217E4F1006B75DD /* night_theme.plist */,
			);
			path = Theme;
			sourceTree = "<group>";
		};
		AEB9C6EB2215ADD300904DDE /* Classes */ = {
			isa = PBXGroup;
			children = (
				AEB9C6FB2215ADD300904DDE /* Others */,
				AEB9C7032215ADD300904DDE /* Main */,
				AEB9C6EC2215ADD300904DDE /* Home */,
				AEB9C6F12215ADD300904DDE /* Video */,
				AEB9C6F62215ADD300904DDE /* Huoshan */,
				AEB9C6FE2215ADD300904DDE /* Mine */,
				AE2EA17E222D1B45003FDEB1 /* Wei */,
			);
			path = Classes;
			sourceTree = "<group>";
		};
		AEB9C6EC2215ADD300904DDE /* Home */ = {
			isa = PBXGroup;
			children = (
				AEB9C6ED2215ADD300904DDE /* Controller */,
				AEB9C6EF2215ADD300904DDE /* Model */,
				AEB9C6F02215ADD300904DDE /* View */,
			);
			path = Home;
			sourceTree = "<group>";
		};
		AEB9C6ED2215ADD300904DDE /* Controller */ = {
			isa = PBXGroup;
			children = (
				AEB9C6EE2215ADD300904DDE /* HomeViewController.swift */,
			);
			path = Controller;
			sourceTree = "<group>";
		};
		AEB9C6EF2215ADD300904DDE /* Model */ = {
			isa = PBXGroup;
			children = (
				AED17666221AA83A00789669 /* HomeNewsTitleModel.swift */,
			);
			path = Model;
			sourceTree = "<group>";
		};
		AEB9C6F02215ADD300904DDE /* View */ = {
			isa = PBXGroup;
			children = (
				AE2EA17A222CF772003FDEB1 /* HomeNavigationBar.swift */,
				AE2EA17C222CF783003FDEB1 /* HomeNavigationBar.xib */,
			);
			path = View;
			sourceTree = "<group>";
		};
		AEB9C6F12215ADD300904DDE /* Video */ = {
			isa = PBXGroup;
			children = (
				AEB9C6F22215ADD300904DDE /* Controller */,
				AEB9C6F42215ADD300904DDE /* Model */,
				AEB9C6F52215ADD300904DDE /* View */,
			);
			path = Video;
			sourceTree = "<group>";
		};
		AEB9C6F22215ADD300904DDE /* Controller */ = {
			isa = PBXGroup;
			children = (
				AEB9C6F32215ADD300904DDE /* VideoViewController.swift */,
			);
			path = Controller;
			sourceTree = "<group>";
		};
		AEB9C6F42215ADD300904DDE /* Model */ = {
			isa = PBXGroup;
			children = (
			);
			path = Model;
			sourceTree = "<group>";
		};
		AEB9C6F52215ADD300904DDE /* View */ = {
			isa = PBXGroup;
			children = (
			);
			path = View;
			sourceTree = "<group>";
		};
		AEB9C6F62215ADD300904DDE /* Huoshan */ = {
			isa = PBXGroup;
			children = (
				AEB9C6F72215ADD300904DDE /* Controller */,
				AEB9C6F92215ADD300904DDE /* Model */,
				AEB9C6FA2215ADD300904DDE /* View */,
			);
			path = Huoshan;
			sourceTree = "<group>";
		};
		AEB9C6F72215ADD300904DDE /* Controller */ = {
			isa = PBXGroup;
			children = (
				AEB9C6F82215ADD300904DDE /* HuoshanViewController.swift */,
			);
			path = Controller;
			sourceTree = "<group>";
		};
		AEB9C6F92215ADD300904DDE /* Model */ = {
			isa = PBXGroup;
			children = (
			);
			path = Model;
			sourceTree = "<group>";
		};
		AEB9C6FA2215ADD300904DDE /* View */ = {
			isa = PBXGroup;
			children = (
			);
			path = View;
			sourceTree = "<group>";
		};
		AEB9C6FB2215ADD300904DDE /* Others */ = {
			isa = PBXGroup;
			children = (
				AE46B90E2217E4AC006B75DD /* Theme */,
				AEB9C6FC2215ADD300904DDE /* AppDelegate.swift */,
				AEB9C6FD2215ADD300904DDE /* Info.plist */,
				AE1A4A962216550F004DFFB9 /* Const.swift */,
				AE48AC10221A45BA00FA2015 /* Setting.plist */,
				AE1E751F222F5F6D0094EB07 /* emoji_mapping.plist */,
				AE1E751D222F5F6D0094EB07 /* emoji_sort.plist */,
				AE1E751E222F5F6D0094EB07 /* emojis.plist */,
			);
			path = Others;
			sourceTree = "<group>";
		};
		AEB9C6FE2215ADD300904DDE /* Mine */ = {
			isa = PBXGroup;
			children = (
				AEB9C6FF2215ADD300904DDE /* Controller */,
				AEB9C7012215ADD300904DDE /* Model */,
				AEB9C7022215ADD300904DDE /* View */,
			);
			path = Mine;
			sourceTree = "<group>";
		};
		AEB9C6FF2215ADD300904DDE /* Controller */ = {
			isa = PBXGroup;
			children = (
				AEB9C7002215ADD300904DDE /* MineViewController.swift */,
				AE231FCD22195069004F0D1A /* MoreLoginViewController.swift */,
				AE231FCF221950A3004F0D1A /* MoreLoginViewController.storyboard */,
				AE48AC0E221A418500FA2015 /* SettingViewController.swift */,
				AE48AC1B221AA41700FA2015 /* OfflineDownloadController.swift */,
				AE5C1418221BACA100EF208D /* UserDetailViewController.swift */,
				AE5C1419221BACA100EF208D /* UserDetailViewController.xib */,
				AEEA869E221E348200BD0137 /* UserDetailBottomPushController.swift */,
				AEEA86A0221E3BAB00BD0137 /* UserDetailBottomPopController.swift */,
				AEEA86A6221E405000BD0137 /* UserDetailBottomPopController.storyboard */,
				AEEA86AA221E4EE400BD0137 /* BottomPresentationController.swift */,
				AE2EA18E222D2866003FDEB1 /* PreviewLagerImageViewController.swift */,
				AE2EA18F222D2866003FDEB1 /* PreviewLagerImageViewController.xib */,
			);
			path = Controller;
			sourceTree = "<group>";
		};
		AEB9C7012215ADD300904DDE /* Model */ = {
			isa = PBXGroup;
			children = (
				AE48AC12221A4C6C00FA2015 /* MineCellModel.swift */,
				AE48AC14221A4C9600FA2015 /* SettingModel.swift */,
				AE0DEA5C221C3EDC00F9827E /* UserDetail.swift */,
				AEEA86A8221E4B1700BD0137 /* PopAnimator.swift */,
			);
			path = Model;
			sourceTree = "<group>";
		};
		AEB9C7022215ADD300904DDE /* View */ = {
			isa = PBXGroup;
			children = (
				AE4400FF2216B2160097DEA9 /* MineOtherCell.swift */,
				AE4401002216B2160097DEA9 /* MineOtherCell.xib */,
				AE46B8FA22170300006B75DD /* MineFirstSectionCell.swift */,
				AE46B8FB22170300006B75DD /* MineFirstSectionCell.xib */,
				AE46B9042217AFED006B75DD /* MineConcernCell.swift */,
				AE46B9052217AFED006B75DD /* MineConcernCell.xib */,
				AE46B9082217C82C006B75DD /* NoLoginHeaderView.swift */,
				AE46B90A2217C849006B75DD /* NoLoginHeaderView.xib */,
				AE48AC16221A519F00FA2015 /* SettingCell.swift */,
				AE48AC17221A519F00FA2015 /* SettingCell.xib */,
				AE48AC1D221AA57200FA2015 /* OfflineDownloadCell.swift */,
				AE48AC1E221AA57200FA2015 /* OfflineDownloadCell.xib */,
				AE5C141C221BB63900EF208D /* UserDetailHeaderView.swift */,
				AE5C141E221BB64C00EF208D /* UserDetailHeaderView.xib */,
				AEEA869C221D534800BD0137 /* UserDetailBottomView.swift */,
				AE034B8D221E800500CE0EE5 /* NavigationBarView.swift */,
				AE034B8F221E802400CE0EE5 /* NavigationBarView.xib */,
				AE034B91221E9ABC00CE0EE5 /* RelationRecommandView.swift */,
				AE034B93221E9ADF00CE0EE5 /* RelationRecommandView.xib */,
				AE034B95221E9F4500CE0EE5 /* RelationRecommandCell.swift */,
				AE034B96221E9F4500CE0EE5 /* RelationRecommandCell.xib */,
				AEFD90452223C2A6002AC12B /* UserDetailDongtaiCell.swift */,
				AEFD90462223C2A6002AC12B /* UserDetailDongtaiCell.xib */,
				AE375B6B2225104200CC8F25 /* PostVideoOrArticleView.swift */,
				AE375B6D2225105100CC8F25 /* PostVideoOrArticleView.xib */,
				AE375B6F222540BB00CC8F25 /* DongtaiCollectionCell.swift */,
				AE375B70222540BB00CC8F25 /* DongtaiCollectionCell.xib */,
				AEA8CC39222A65A80055B021 /* DongtaiOriginalThreadView.swift */,
				AEA8CC45222A83360055B021 /* DongtaiOriginalThreadView.xib */,
				AEA8CC3D222A6D7C0055B021 /* DongtaiCollectionView.swift */,
				AEA8CC43222A7AAC0055B021 /* DongtaiCollectionView.xib */,
			);
			path = View;
			sourceTree = "<group>";
		};
		AEB9C7032215ADD300904DDE /* Main */ = {
			isa = PBXGroup;
			children = (
				AE1A4A9E22165D33004DFFB9 /* Tools */,
				AE1A4A9B221655F0004DFFB9 /* Extension */,
				AEB9C7042215ADD300904DDE /* Controller */,
				AEB9C7072215ADD300904DDE /* Model */,
				AEB9C7082215ADD300904DDE /* View */,
			);
			path = Main;
			sourceTree = "<group>";
		};
		AEB9C7042215ADD300904DDE /* Controller */ = {
			isa = PBXGroup;
			children = (
				AEB9C7052215ADD300904DDE /* MyTabBarController.swift */,
				AEB9C7062215ADD300904DDE /* MyNavigationController.swift */,
			);
			path = Controller;
			sourceTree = "<group>";
		};
		AEB9C7072215ADD300904DDE /* Model */ = {
			isa = PBXGroup;
			children = (
			);
			path = Model;
			sourceTree = "<group>";
		};
		AEB9C7082215ADD300904DDE /* View */ = {
			isa = PBXGroup;
			children = (
				AEB9C7092215ADD300904DDE /* MyTabBar.swift */,
			);
			path = View;
			sourceTree = "<group>";
		};
		AEDEA603221444F8006074A1 = {
			isa = PBXGroup;
			children = (
				AEDEA60E221444F8006074A1 /* News */,
				AEDEA623221444F9006074A1 /* NewsTests */,
				AEDEA62E221444FA006074A1 /* NewsUITests */,
				AEDEA60D221444F8006074A1 /* Products */,
				6A547787E7FDA241C42378FD /* Pods */,
				0B3787F5400BD04ECC5E77A2 /* Frameworks */,
			);
			sourceTree = "<group>";
		};
		AEDEA60D221444F8006074A1 /* Products */ = {
			isa = PBXGroup;
			children = (
				AEDEA60C221444F8006074A1 /* News.app */,
				AEDEA620221444F9006074A1 /* NewsTests.xctest */,
				AEDEA62B221444FA006074A1 /* NewsUITests.xctest */,
			);
			name = Products;
			sourceTree = "<group>";
		};
		AEDEA60E221444F8006074A1 /* News */ = {
			isa = PBXGroup;
			children = (
				AE89A51A221571B5007FF80F /* Assets.xcassets */,
				AEB9C6EB2215ADD300904DDE /* Classes */,
				AEDEA613221444F8006074A1 /* Main.storyboard */,
				AEDEA618221444F9006074A1 /* LaunchScreen.storyboard */,
			);
			path = News;
			sourceTree = "<group>";
		};
		AEDEA623221444F9006074A1 /* NewsTests */ = {
			isa = PBXGroup;
			children = (
				AEDEA624221444F9006074A1 /* NewsTests.swift */,
				AEDEA626221444F9006074A1 /* Info.plist */,
			);
			path = NewsTests;
			sourceTree = "<group>";
		};
		AEDEA62E221444FA006074A1 /* NewsUITests */ = {
			isa = PBXGroup;
			children = (
				AEDEA62F221444FA006074A1 /* NewsUITests.swift */,
				AEDEA631221444FA006074A1 /* Info.plist */,
			);
			path = NewsUITests;
			sourceTree = "<group>";
		};
/* End PBXGroup section */

/* Begin PBXNativeTarget section */
		AEDEA60B221444F8006074A1 /* News */ = {
			isa = PBXNativeTarget;
			buildConfigurationList = AEDEA634221444FA006074A1 /* Build configuration list for PBXNativeTarget "News" */;
			buildPhases = (
				AE1FDEA439D01DEFA0BC5D37 /* [CP] Check Pods Manifest.lock */,
				AEDEA608221444F8006074A1 /* Sources */,
				AEDEA609221444F8006074A1 /* Frameworks */,
				AEDEA60A221444F8006074A1 /* Resources */,
				DD2502E000189CF5A1E47620 /* [CP] Embed Pods Frameworks */,
			);
			buildRules = (
			);
			dependencies = (
			);
			name = News;
			productName = News;
			productReference = AEDEA60C221444F8006074A1 /* News.app */;
			productType = "com.apple.product-type.application";
		};
		AEDEA61F221444F9006074A1 /* NewsTests */ = {
			isa = PBXNativeTarget;
			buildConfigurationList = AEDEA637221444FA006074A1 /* Build configuration list for PBXNativeTarget "NewsTests" */;
			buildPhases = (
				0E4770CBF6818236838D1737 /* [CP] Check Pods Manifest.lock */,
				AEDEA61C221444F9006074A1 /* Sources */,
				AEDEA61D221444F9006074A1 /* Frameworks */,
				AEDEA61E221444F9006074A1 /* Resources */,
			);
			buildRules = (
			);
			dependencies = (
				AEDEA622221444F9006074A1 /* PBXTargetDependency */,
			);
			name = NewsTests;
			productName = NewsTests;
			productReference = AEDEA620221444F9006074A1 /* NewsTests.xctest */;
			productType = "com.apple.product-type.bundle.unit-test";
		};
		AEDEA62A221444F9006074A1 /* NewsUITests */ = {
			isa = PBXNativeTarget;
			buildConfigurationList = AEDEA63A221444FA006074A1 /* Build configuration list for PBXNativeTarget "NewsUITests" */;
			buildPhases = (
				B2B8B410A18085781D648551 /* [CP] Check Pods Manifest.lock */,
				AEDEA627221444F9006074A1 /* Sources */,
				AEDEA628221444F9006074A1 /* Frameworks */,
				AEDEA629221444F9006074A1 /* Resources */,
			);
			buildRules = (
			);
			dependencies = (
				AEDEA62D221444FA006074A1 /* PBXTargetDependency */,
			);
			name = NewsUITests;
			productName = NewsUITests;
			productReference = AEDEA62B221444FA006074A1 /* NewsUITests.xctest */;
			productType = "com.apple.product-type.bundle.ui-testing";
		};
/* End PBXNativeTarget section */

/* Begin PBXProject section */
		AEDEA604221444F8006074A1 /* Project object */ = {
			isa = PBXProject;
			attributes = {
				LastSwiftUpdateCheck = 1010;
				LastUpgradeCheck = 1010;
				ORGANIZATIONNAME = Rion;
				TargetAttributes = {
					AEDEA60B221444F8006074A1 = {
						CreatedOnToolsVersion = 10.1;
					};
					AEDEA61F221444F9006074A1 = {
						CreatedOnToolsVersion = 10.1;
						TestTargetID = AEDEA60B221444F8006074A1;
					};
					AEDEA62A221444F9006074A1 = {
						CreatedOnToolsVersion = 10.1;
						TestTargetID = AEDEA60B221444F8006074A1;
					};
				};
			};
			buildConfigurationList = AEDEA607221444F8006074A1 /* Build configuration list for PBXProject "News" */;
			compatibilityVersion = "Xcode 9.3";
			developmentRegion = en;
			hasScannedForEncodings = 0;
			knownRegions = (
				en,
				Base,
			);
			mainGroup = AEDEA603221444F8006074A1;
			productRefGroup = AEDEA60D221444F8006074A1 /* Products */;
			projectDirPath = "";
			projectRoot = "";
			targets = (
				AEDEA60B221444F8006074A1 /* News */,
				AEDEA61F221444F9006074A1 /* NewsTests */,
				AEDEA62A221444F9006074A1 /* NewsUITests */,
			);
		};
/* End PBXProject section */

/* Begin PBXResourcesBuildPhase section */
		AEDEA60A221444F8006074A1 /* Resources */ = {
			isa = PBXResourcesBuildPhase;
			buildActionMask = 2147483647;
			files = (
				AE5C141F221BB64C00EF208D /* UserDetailHeaderView.xib in Resources */,
				AE231FD0221950A3004F0D1A /* MoreLoginViewController.storyboard in Resources */,
				AEDEA61A221444F9006074A1 /* LaunchScreen.storyboard in Resources */,
				AE034B94221E9ADF00CE0EE5 /* RelationRecommandView.xib in Resources */,
				AEA8CC46222A83360055B021 /* DongtaiOriginalThreadView.xib in Resources */,
				AE4401022216B2160097DEA9 /* MineOtherCell.xib in Resources */,
				AE1E7521222F5F6D0094EB07 /* emojis.plist in Resources */,
				AE89A51B221571B5007FF80F /* Assets.xcassets in Resources */,
				AE2EA17D222CF783003FDEB1 /* HomeNavigationBar.xib in Resources */,
				AE48AC20221AA57200FA2015 /* OfflineDownloadCell.xib in Resources */,
				AE1E7520222F5F6D0094EB07 /* emoji_sort.plist in Resources */,
				AE46B8FD22170300006B75DD /* MineFirstSectionCell.xib in Resources */,
				AE46B9102217E4D6006B75DD /* default_theme.plist in Resources */,
				AEDEA615221444F8006074A1 /* Main.storyboard in Resources */,
				AE034B98221E9F4500CE0EE5 /* RelationRecommandCell.xib in Resources */,
				AE2EA18D222D1D77003FDEB1 /* WeiViewController.xib in Resources */,
				AE1E7522222F5F6D0094EB07 /* emoji_mapping.plist in Resources */,
				AEEA86A7221E405000BD0137 /* UserDetailBottomPopController.storyboard in Resources */,
				AE46B9122217E4F1006B75DD /* night_theme.plist in Resources */,
				AE48AC11221A45BA00FA2015 /* Setting.plist in Resources */,
				AEFD90482223C2A6002AC12B /* UserDetailDongtaiCell.xib in Resources */,
				AE46B9072217AFED006B75DD /* MineConcernCell.xib in Resources */,
				AE375B6E2225105100CC8F25 /* PostVideoOrArticleView.xib in Resources */,
				AE48AC19221A519F00FA2015 /* SettingCell.xib in Resources */,
				AE375B72222540BB00CC8F25 /* DongtaiCollectionCell.xib in Resources */,
				AE5C141B221BACA100EF208D /* UserDetailViewController.xib in Resources */,
				AE034B90221E802400CE0EE5 /* NavigationBarView.xib in Resources */,
				AE46B90B2217C849006B75DD /* NoLoginHeaderView.xib in Resources */,
				AEA8CC44222A7AAC0055B021 /* DongtaiCollectionView.xib in Resources */,
				AE2EA191222D2866003FDEB1 /* PreviewLagerImageViewController.xib in Resources */,
			);
			runOnlyForDeploymentPostprocessing = 0;
		};
		AEDEA61E221444F9006074A1 /* Resources */ = {
			isa = PBXResourcesBuildPhase;
			buildActionMask = 2147483647;
			files = (
			);
			runOnlyForDeploymentPostprocessing = 0;
		};
		AEDEA629221444F9006074A1 /* Resources */ = {
			isa = PBXResourcesBuildPhase;
			buildActionMask = 2147483647;
			files = (
			);
			runOnlyForDeploymentPostprocessing = 0;
		};
/* End PBXResourcesBuildPhase section */

/* Begin PBXShellScriptBuildPhase section */
		0E4770CBF6818236838D1737 /* [CP] Check Pods Manifest.lock */ = {
			isa = PBXShellScriptBuildPhase;
			buildActionMask = 2147483647;
			files = (
			);
			inputFileListPaths = (
			);
			inputPaths = (
				"${PODS_PODFILE_DIR_PATH}/Podfile.lock",
				"${PODS_ROOT}/Manifest.lock",
			);
			name = "[CP] Check Pods Manifest.lock";
			outputFileListPaths = (
			);
			outputPaths = (
				"$(DERIVED_FILE_DIR)/Pods-NewsTests-checkManifestLockResult.txt",
			);
			runOnlyForDeploymentPostprocessing = 0;
			shellPath = /bin/sh;
			shellScript = "diff \"${PODS_PODFILE_DIR_PATH}/Podfile.lock\" \"${PODS_ROOT}/Manifest.lock\" > /dev/null\nif [ $? != 0 ] ; then\n    # print error to STDERR\n    echo \"error: The sandbox is not in sync with the Podfile.lock. Run 'pod install' or update your CocoaPods installation.\" >&2\n    exit 1\nfi\n# This output is used by Xcode 'outputs' to avoid re-running this script phase.\necho \"SUCCESS\" > \"${SCRIPT_OUTPUT_FILE_0}\"\n";
			showEnvVarsInLog = 0;
		};
		AE1FDEA439D01DEFA0BC5D37 /* [CP] Check Pods Manifest.lock */ = {
			isa = PBXShellScriptBuildPhase;
			buildActionMask = 2147483647;
			files = (
			);
			inputFileListPaths = (
			);
			inputPaths = (
				"${PODS_PODFILE_DIR_PATH}/Podfile.lock",
				"${PODS_ROOT}/Manifest.lock",
			);
			name = "[CP] Check Pods Manifest.lock";
			outputFileListPaths = (
			);
			outputPaths = (
				"$(DERIVED_FILE_DIR)/Pods-News-checkManifestLockResult.txt",
			);
			runOnlyForDeploymentPostprocessing = 0;
			shellPath = /bin/sh;
			shellScript = "diff \"${PODS_PODFILE_DIR_PATH}/Podfile.lock\" \"${PODS_ROOT}/Manifest.lock\" > /dev/null\nif [ $? != 0 ] ; then\n    # print error to STDERR\n    echo \"error: The sandbox is not in sync with the Podfile.lock. Run 'pod install' or update your CocoaPods installation.\" >&2\n    exit 1\nfi\n# This output is used by Xcode 'outputs' to avoid re-running this script phase.\necho \"SUCCESS\" > \"${SCRIPT_OUTPUT_FILE_0}\"\n";
			showEnvVarsInLog = 0;
		};
		B2B8B410A18085781D648551 /* [CP] Check Pods Manifest.lock */ = {
			isa = PBXShellScriptBuildPhase;
			buildActionMask = 2147483647;
			files = (
			);
			inputFileListPaths = (
			);
			inputPaths = (
				"${PODS_PODFILE_DIR_PATH}/Podfile.lock",
				"${PODS_ROOT}/Manifest.lock",
			);
			name = "[CP] Check Pods Manifest.lock";
			outputFileListPaths = (
			);
			outputPaths = (
				"$(DERIVED_FILE_DIR)/Pods-NewsUITests-checkManifestLockResult.txt",
			);
			runOnlyForDeploymentPostprocessing = 0;
			shellPath = /bin/sh;
			shellScript = "diff \"${PODS_PODFILE_DIR_PATH}/Podfile.lock\" \"${PODS_ROOT}/Manifest.lock\" > /dev/null\nif [ $? != 0 ] ; then\n    # print error to STDERR\n    echo \"error: The sandbox is not in sync with the Podfile.lock. Run 'pod install' or update your CocoaPods installation.\" >&2\n    exit 1\nfi\n# This output is used by Xcode 'outputs' to avoid re-running this script phase.\necho \"SUCCESS\" > \"${SCRIPT_OUTPUT_FILE_0}\"\n";
			showEnvVarsInLog = 0;
		};
		DD2502E000189CF5A1E47620 /* [CP] Embed Pods Frameworks */ = {
			isa = PBXShellScriptBuildPhase;
			buildActionMask = 2147483647;
			files = (
			);
			inputFileListPaths = (
			);
			inputPaths = (
				"${SRCROOT}/Pods/Target Support Files/Pods-News/Pods-News-frameworks.sh",
				"${BUILT_PRODUCTS_DIR}/Alamofire/Alamofire.framework",
				"${BUILT_PRODUCTS_DIR}/HandyJSON/HandyJSON.framework",
				"${BUILT_PRODUCTS_DIR}/IBAnimatable/IBAnimatable.framework",
				"${BUILT_PRODUCTS_DIR}/Kingfisher/Kingfisher.framework",
				"${BUILT_PRODUCTS_DIR}/RxAtomic/RxAtomic.framework",
				"${BUILT_PRODUCTS_DIR}/RxCocoa/RxCocoa.framework",
				"${BUILT_PRODUCTS_DIR}/RxSwift/RxSwift.framework",
				"${BUILT_PRODUCTS_DIR}/SQLite.swift/SQLite.framework",
				"${BUILT_PRODUCTS_DIR}/SVProgressHUD/SVProgressHUD.framework",
				"${BUILT_PRODUCTS_DIR}/SwiftTheme/SwiftTheme.framework",
				"${BUILT_PRODUCTS_DIR}/SwiftyJSON/SwiftyJSON.framework",
			);
			name = "[CP] Embed Pods Frameworks";
			outputFileListPaths = (
			);
			outputPaths = (
				"${TARGET_BUILD_DIR}/${FRAMEWORKS_FOLDER_PATH}/Alamofire.framework",
				"${TARGET_BUILD_DIR}/${FRAMEWORKS_FOLDER_PATH}/HandyJSON.framework",
				"${TARGET_BUILD_DIR}/${FRAMEWORKS_FOLDER_PATH}/IBAnimatable.framework",
				"${TARGET_BUILD_DIR}/${FRAMEWORKS_FOLDER_PATH}/Kingfisher.framework",
				"${TARGET_BUILD_DIR}/${FRAMEWORKS_FOLDER_PATH}/RxAtomic.framework",
				"${TARGET_BUILD_DIR}/${FRAMEWORKS_FOLDER_PATH}/RxCocoa.framework",
				"${TARGET_BUILD_DIR}/${FRAMEWORKS_FOLDER_PATH}/RxSwift.framework",
				"${TARGET_BUILD_DIR}/${FRAMEWORKS_FOLDER_PATH}/SQLite.framework",
				"${TARGET_BUILD_DIR}/${FRAMEWORKS_FOLDER_PATH}/SVProgressHUD.framework",
				"${TARGET_BUILD_DIR}/${FRAMEWORKS_FOLDER_PATH}/SwiftTheme.framework",
				"${TARGET_BUILD_DIR}/${FRAMEWORKS_FOLDER_PATH}/SwiftyJSON.framework",
			);
			runOnlyForDeploymentPostprocessing = 0;
			shellPath = /bin/sh;
			shellScript = "\"${SRCROOT}/Pods/Target Support Files/Pods-News/Pods-News-frameworks.sh\"\n";
			showEnvVarsInLog = 0;
		};
/* End PBXShellScriptBuildPhase section */

/* Begin PBXSourcesBuildPhase section */
		AEDEA608221444F8006074A1 /* Sources */ = {
			isa = PBXSourcesBuildPhase;
			buildActionMask = 2147483647;
			files = (
				AE2EA17B222CF772003FDEB1 /* HomeNavigationBar.swift in Sources */,
				AEB9C70D2215ADD300904DDE /* AppDelegate.swift in Sources */,
				AE22DC39221AE786000C1E20 /* SQLite.swift in Sources */,
				AE48AC0F221A418500FA2015 /* SettingViewController.swift in Sources */,
				AE48AC18221A519F00FA2015 /* SettingCell.swift in Sources */,
				AE48AC1F221AA57200FA2015 /* OfflineDownloadCell.swift in Sources */,
				AE231FCE22195069004F0D1A /* MoreLoginViewController.swift in Sources */,
				AEB9C70B2215ADD300904DDE /* VideoViewController.swift in Sources */,
				AEB9C70A2215ADD300904DDE /* HomeViewController.swift in Sources */,
				AE2EA18C222D1D77003FDEB1 /* WeiViewController.swift in Sources */,
				AED17667221AA83A00789669 /* HomeNewsTitleModel.swift in Sources */,
				AE46B9092217C82C006B75DD /* NoLoginHeaderView.swift in Sources */,
				AE46B9062217AFED006B75DD /* MineConcernCell.swift in Sources */,
				AEB9C7122215ADD300904DDE /* MyTabBar.swift in Sources */,
				AEB9C70C2215ADD300904DDE /* HuoshanViewController.swift in Sources */,
				AE1A4AA0221661B8004DFFB9 /* Network.swift in Sources */,
				AEEA86A9221E4B1700BD0137 /* PopAnimator.swift in Sources */,
				AE5C141A221BACA100EF208D /* UserDetailViewController.swift in Sources */,
				AE2EA179222CC443003FDEB1 /* Date.swift in Sources */,
				AE48AC13221A4C6C00FA2015 /* MineCellModel.swift in Sources */,
				AEB9C7112215ADD300904DDE /* MyNavigationController.swift in Sources */,
				AE2EA190222D2866003FDEB1 /* PreviewLagerImageViewController.swift in Sources */,
				AEEA86AB221E4EE400BD0137 /* BottomPresentationController.swift in Sources */,
				AEB9C70F2215ADD300904DDE /* MineViewController.swift in Sources */,
				AE1A4A9D221655F0004DFFB9 /* UIColor.swift in Sources */,
				AE46B8FF22179BCD006B75DD /* UIView.swift in Sources */,
				AE4401012216B2160097DEA9 /* MineOtherCell.swift in Sources */,
				AEB9C7102215ADD300904DDE /* MyTabBarController.swift in Sources */,
				AE0DEA5D221C3EDC00F9827E /* UserDetail.swift in Sources */,
				AEEA869D221D534800BD0137 /* UserDetailBottomView.swift in Sources */,
				AE48AC1C221AA41700FA2015 /* OfflineDownloadController.swift in Sources */,
				AE46B90122179C70006B75DD /* UITableView.swift in Sources */,
				AE034B8E221E800500CE0EE5 /* NavigationBarView.swift in Sources */,
				AE034B92221E9ABC00CE0EE5 /* RelationRecommandView.swift in Sources */,
				AE1A4A972216550F004DFFB9 /* Const.swift in Sources */,
				AE46B90D2217E29C006B75DD /* Theme.swift in Sources */,
				AEA8CC3A222A65A80055B021 /* DongtaiOriginalThreadView.swift in Sources */,
				AE46B8FC22170300006B75DD /* MineFirstSectionCell.swift in Sources */,
				AE034B97221E9F4500CE0EE5 /* RelationRecommandCell.swift in Sources */,
				AE5C141D221BB63900EF208D /* UserDetailHeaderView.swift in Sources */,
				AEA8CC3E222A6D7C0055B021 /* DongtaiCollectionView.swift in Sources */,
				AE375B71222540BB00CC8F25 /* DongtaiCollectionCell.swift in Sources */,
				AE1E7524222F5FA80094EB07 /* Emoji.swift in Sources */,
				AEEA86A1221E3BAB00BD0137 /* UserDetailBottomPopController.swift in Sources */,
				AE46B90322179EB9006B75DD /* UICollectionView.swift in Sources */,
				AE48AC15221A4C9600FA2015 /* SettingModel.swift in Sources */,
				AE2EA177222CC04F003FDEB1 /* Int.swift in Sources */,
				AEFD90472223C2A6002AC12B /* UserDetailDongtaiCell.swift in Sources */,
				AE375B6A2224F09C00CC8F25 /* Calculate.swift in Sources */,
				AE375B6C2225104200CC8F25 /* PostVideoOrArticleView.swift in Sources */,
				AEEA869F221E348200BD0137 /* UserDetailBottomPushController.swift in Sources */,
			);
			runOnlyForDeploymentPostprocessing = 0;
		};
		AEDEA61C221444F9006074A1 /* Sources */ = {
			isa = PBXSourcesBuildPhase;
			buildActionMask = 2147483647;
			files = (
				AEDEA625221444F9006074A1 /* NewsTests.swift in Sources */,
			);
			runOnlyForDeploymentPostprocessing = 0;
		};
		AEDEA627221444F9006074A1 /* Sources */ = {
			isa = PBXSourcesBuildPhase;
			buildActionMask = 2147483647;
			files = (
				AEDEA630221444FA006074A1 /* NewsUITests.swift in Sources */,
			);
			runOnlyForDeploymentPostprocessing = 0;
		};
/* End PBXSourcesBuildPhase section */

/* Begin PBXTargetDependency section */
		AEDEA622221444F9006074A1 /* PBXTargetDependency */ = {
			isa = PBXTargetDependency;
			target = AEDEA60B221444F8006074A1 /* News */;
			targetProxy = AEDEA621221444F9006074A1 /* PBXContainerItemProxy */;
		};
		AEDEA62D221444FA006074A1 /* PBXTargetDependency */ = {
			isa = PBXTargetDependency;
			target = AEDEA60B221444F8006074A1 /* News */;
			targetProxy = AEDEA62C221444FA006074A1 /* PBXContainerItemProxy */;
		};
/* End PBXTargetDependency section */

/* Begin PBXVariantGroup section */
		AEDEA613221444F8006074A1 /* Main.storyboard */ = {
			isa = PBXVariantGroup;
			children = (
				AEDEA614221444F8006074A1 /* Base */,
			);
			name = Main.storyboard;
			sourceTree = "<group>";
		};
		AEDEA618221444F9006074A1 /* LaunchScreen.storyboard */ = {
			isa = PBXVariantGroup;
			children = (
				AEDEA619221444F9006074A1 /* Base */,
			);
			name = LaunchScreen.storyboard;
			sourceTree = "<group>";
		};
/* End PBXVariantGroup section */

/* Begin XCBuildConfiguration section */
		AEDEA632221444FA006074A1 /* Debug */ = {
			isa = XCBuildConfiguration;
			buildSettings = {
				ALWAYS_SEARCH_USER_PATHS = NO;
				CLANG_ANALYZER_NONNULL = YES;
				CLANG_ANALYZER_NUMBER_OBJECT_CONVERSION = YES_AGGRESSIVE;
				CLANG_CXX_LANGUAGE_STANDARD = "gnu++14";
				CLANG_CXX_LIBRARY = "libc++";
				CLANG_ENABLE_MODULES = YES;
				CLANG_ENABLE_OBJC_ARC = YES;
				CLANG_ENABLE_OBJC_WEAK = YES;
				CLANG_WARN_BLOCK_CAPTURE_AUTORELEASING = YES;
				CLANG_WARN_BOOL_CONVERSION = YES;
				CLANG_WARN_COMMA = YES;
				CLANG_WARN_CONSTANT_CONVERSION = YES;
				CLANG_WARN_DEPRECATED_OBJC_IMPLEMENTATIONS = YES;
				CLANG_WARN_DIRECT_OBJC_ISA_USAGE = YES_ERROR;
				CLANG_WARN_DOCUMENTATION_COMMENTS = YES;
				CLANG_WARN_EMPTY_BODY = YES;
				CLANG_WARN_ENUM_CONVERSION = YES;
				CLANG_WARN_INFINITE_RECURSION = YES;
				CLANG_WARN_INT_CONVERSION = YES;
				CLANG_WARN_NON_LITERAL_NULL_CONVERSION = YES;
				CLANG_WARN_OBJC_IMPLICIT_RETAIN_SELF = YES;
				CLANG_WARN_OBJC_LITERAL_CONVERSION = YES;
				CLANG_WARN_OBJC_ROOT_CLASS = YES_ERROR;
				CLANG_WARN_RANGE_LOOP_ANALYSIS = YES;
				CLANG_WARN_STRICT_PROTOTYPES = YES;
				CLANG_WARN_SUSPICIOUS_MOVE = YES;
				CLANG_WARN_UNGUARDED_AVAILABILITY = YES_AGGRESSIVE;
				CLANG_WARN_UNREACHABLE_CODE = YES;
				CLANG_WARN__DUPLICATE_METHOD_MATCH = YES;
				CODE_SIGN_IDENTITY = "iPhone Developer";
				COPY_PHASE_STRIP = NO;
				DEBUG_INFORMATION_FORMAT = dwarf;
				ENABLE_STRICT_OBJC_MSGSEND = YES;
				ENABLE_TESTABILITY = YES;
				GCC_C_LANGUAGE_STANDARD = gnu11;
				GCC_DYNAMIC_NO_PIC = NO;
				GCC_NO_COMMON_BLOCKS = YES;
				GCC_OPTIMIZATION_LEVEL = 0;
				GCC_PREPROCESSOR_DEFINITIONS = (
					"DEBUG=1",
					"$(inherited)",
				);
				GCC_WARN_64_TO_32_BIT_CONVERSION = YES;
				GCC_WARN_ABOUT_RETURN_TYPE = YES_ERROR;
				GCC_WARN_UNDECLARED_SELECTOR = YES;
				GCC_WARN_UNINITIALIZED_AUTOS = YES_AGGRESSIVE;
				GCC_WARN_UNUSED_FUNCTION = YES;
				GCC_WARN_UNUSED_VARIABLE = YES;
				IPHONEOS_DEPLOYMENT_TARGET = 12.1;
				MTL_ENABLE_DEBUG_INFO = INCLUDE_SOURCE;
				MTL_FAST_MATH = YES;
				ONLY_ACTIVE_ARCH = YES;
				SDKROOT = iphoneos;
				SWIFT_ACTIVE_COMPILATION_CONDITIONS = DEBUG;
				SWIFT_OPTIMIZATION_LEVEL = "-Onone";
			};
			name = Debug;
		};
		AEDEA633221444FA006074A1 /* Release */ = {
			isa = XCBuildConfiguration;
			buildSettings = {
				ALWAYS_SEARCH_USER_PATHS = NO;
				CLANG_ANALYZER_NONNULL = YES;
				CLANG_ANALYZER_NUMBER_OBJECT_CONVERSION = YES_AGGRESSIVE;
				CLANG_CXX_LANGUAGE_STANDARD = "gnu++14";
				CLANG_CXX_LIBRARY = "libc++";
				CLANG_ENABLE_MODULES = YES;
				CLANG_ENABLE_OBJC_ARC = YES;
				CLANG_ENABLE_OBJC_WEAK = YES;
				CLANG_WARN_BLOCK_CAPTURE_AUTORELEASING = YES;
				CLANG_WARN_BOOL_CONVERSION = YES;
				CLANG_WARN_COMMA = YES;
				CLANG_WARN_CONSTANT_CONVERSION = YES;
				CLANG_WARN_DEPRECATED_OBJC_IMPLEMENTATIONS = YES;
				CLANG_WARN_DIRECT_OBJC_ISA_USAGE = YES_ERROR;
				CLANG_WARN_DOCUMENTATION_COMMENTS = YES;
				CLANG_WARN_EMPTY_BODY = YES;
				CLANG_WARN_ENUM_CONVERSION = YES;
				CLANG_WARN_INFINITE_RECURSION = YES;
				CLANG_WARN_INT_CONVERSION = YES;
				CLANG_WARN_NON_LITERAL_NULL_CONVERSION = YES;
				CLANG_WARN_OBJC_IMPLICIT_RETAIN_SELF = YES;
				CLANG_WARN_OBJC_LITERAL_CONVERSION = YES;
				CLANG_WARN_OBJC_ROOT_CLASS = YES_ERROR;
				CLANG_WARN_RANGE_LOOP_ANALYSIS = YES;
				CLANG_WARN_STRICT_PROTOTYPES = YES;
				CLANG_WARN_SUSPICIOUS_MOVE = YES;
				CLANG_WARN_UNGUARDED_AVAILABILITY = YES_AGGRESSIVE;
				CLANG_WARN_UNREACHABLE_CODE = YES;
				CLANG_WARN__DUPLICATE_METHOD_MATCH = YES;
				CODE_SIGN_IDENTITY = "iPhone Developer";
				COPY_PHASE_STRIP = NO;
				DEBUG_INFORMATION_FORMAT = "dwarf-with-dsym";
				ENABLE_NS_ASSERTIONS = NO;
				ENABLE_STRICT_OBJC_MSGSEND = YES;
				GCC_C_LANGUAGE_STANDARD = gnu11;
				GCC_NO_COMMON_BLOCKS = YES;
				GCC_WARN_64_TO_32_BIT_CONVERSION = YES;
				GCC_WARN_ABOUT_RETURN_TYPE = YES_ERROR;
				GCC_WARN_UNDECLARED_SELECTOR = YES;
				GCC_WARN_UNINITIALIZED_AUTOS = YES_AGGRESSIVE;
				GCC_WARN_UNUSED_FUNCTION = YES;
				GCC_WARN_UNUSED_VARIABLE = YES;
				IPHONEOS_DEPLOYMENT_TARGET = 12.1;
				MTL_ENABLE_DEBUG_INFO = NO;
				MTL_FAST_MATH = YES;
				SDKROOT = iphoneos;
				SWIFT_COMPILATION_MODE = wholemodule;
				SWIFT_OPTIMIZATION_LEVEL = "-O";
				VALIDATE_PRODUCT = YES;
			};
			name = Release;
		};
		AEDEA635221444FA006074A1 /* Debug */ = {
			isa = XCBuildConfiguration;
			baseConfigurationReference = 289BEF714A13AEF74F25DDDA /* Pods-News.debug.xcconfig */;
			buildSettings = {
				ASSETCATALOG_COMPILER_APPICON_NAME = AppIcon;
				ASSETCATALOG_COMPILER_LAUNCHIMAGE_NAME = LaunchImage;
				CODE_SIGN_STYLE = Automatic;
				DEVELOPMENT_TEAM = 9D43652ZYM;
				INFOPLIST_FILE = "$(SRCROOT)/News/Classes/Others/Info.plist";
				IPHONEOS_DEPLOYMENT_TARGET = 12.1;
				LD_RUNPATH_SEARCH_PATHS = (
					"$(inherited)",
					"@executable_path/Frameworks",
				);
				PRODUCT_BUNDLE_IDENTIFIER = com.rion.News;
				PRODUCT_NAME = "$(TARGET_NAME)";
				SWIFT_VERSION = 4.2;
				TARGETED_DEVICE_FAMILY = 1;
			};
			name = Debug;
		};
		AEDEA636221444FA006074A1 /* Release */ = {
			isa = XCBuildConfiguration;
			baseConfigurationReference = B6F5A65223178E2789774493 /* Pods-News.release.xcconfig */;
			buildSettings = {
				ASSETCATALOG_COMPILER_APPICON_NAME = AppIcon;
				ASSETCATALOG_COMPILER_LAUNCHIMAGE_NAME = LaunchImage;
				CODE_SIGN_STYLE = Automatic;
				DEVELOPMENT_TEAM = 9D43652ZYM;
				INFOPLIST_FILE = "$(SRCROOT)/News/Classes/Others/Info.plist";
				IPHONEOS_DEPLOYMENT_TARGET = 12.1;
				LD_RUNPATH_SEARCH_PATHS = (
					"$(inherited)",
					"@executable_path/Frameworks",
				);
				PRODUCT_BUNDLE_IDENTIFIER = com.rion.News;
				PRODUCT_NAME = "$(TARGET_NAME)";
				SWIFT_VERSION = 4.2;
				TARGETED_DEVICE_FAMILY = 1;
			};
			name = Release;
		};
		AEDEA638221444FA006074A1 /* Debug */ = {
			isa = XCBuildConfiguration;
			baseConfigurationReference = DD3AD172EA443DA7498645FF /* Pods-NewsTests.debug.xcconfig */;
			buildSettings = {
				ALWAYS_EMBED_SWIFT_STANDARD_LIBRARIES = YES;
				BUNDLE_LOADER = "$(TEST_HOST)";
				CODE_SIGN_STYLE = Automatic;
				DEVELOPMENT_TEAM = 9D43652ZYM;
				INFOPLIST_FILE = NewsTests/Info.plist;
				LD_RUNPATH_SEARCH_PATHS = (
					"$(inherited)",
					"@executable_path/Frameworks",
					"@loader_path/Frameworks",
				);
				PRODUCT_BUNDLE_IDENTIFIER = com.rion.NewsTests;
				PRODUCT_NAME = "$(TARGET_NAME)";
				SWIFT_VERSION = 4.2;
				TARGETED_DEVICE_FAMILY = "1,2";
				TEST_HOST = "$(BUILT_PRODUCTS_DIR)/News.app/News";
			};
			name = Debug;
		};
		AEDEA639221444FA006074A1 /* Release */ = {
			isa = XCBuildConfiguration;
			baseConfigurationReference = A66482A2D7C7BC802736493C /* Pods-NewsTests.release.xcconfig */;
			buildSettings = {
				ALWAYS_EMBED_SWIFT_STANDARD_LIBRARIES = YES;
				BUNDLE_LOADER = "$(TEST_HOST)";
				CODE_SIGN_STYLE = Automatic;
				DEVELOPMENT_TEAM = 9D43652ZYM;
				INFOPLIST_FILE = NewsTests/Info.plist;
				LD_RUNPATH_SEARCH_PATHS = (
					"$(inherited)",
					"@executable_path/Frameworks",
					"@loader_path/Frameworks",
				);
				PRODUCT_BUNDLE_IDENTIFIER = com.rion.NewsTests;
				PRODUCT_NAME = "$(TARGET_NAME)";
				SWIFT_VERSION = 4.2;
				TARGETED_DEVICE_FAMILY = "1,2";
				TEST_HOST = "$(BUILT_PRODUCTS_DIR)/News.app/News";
			};
			name = Release;
		};
		AEDEA63B221444FA006074A1 /* Debug */ = {
			isa = XCBuildConfiguration;
			baseConfigurationReference = A68672A22171CF60DDF3241A /* Pods-NewsUITests.debug.xcconfig */;
			buildSettings = {
				ALWAYS_EMBED_SWIFT_STANDARD_LIBRARIES = YES;
				CODE_SIGN_STYLE = Automatic;
				DEVELOPMENT_TEAM = 9D43652ZYM;
				INFOPLIST_FILE = NewsUITests/Info.plist;
				LD_RUNPATH_SEARCH_PATHS = (
					"$(inherited)",
					"@executable_path/Frameworks",
					"@loader_path/Frameworks",
				);
				PRODUCT_BUNDLE_IDENTIFIER = com.rion.NewsUITests;
				PRODUCT_NAME = "$(TARGET_NAME)";
				SWIFT_VERSION = 4.2;
				TARGETED_DEVICE_FAMILY = "1,2";
				TEST_TARGET_NAME = News;
			};
			name = Debug;
		};
		AEDEA63C221444FA006074A1 /* Release */ = {
			isa = XCBuildConfiguration;
			baseConfigurationReference = 4BDBDC02EEF296B0DFBE16E1 /* Pods-NewsUITests.release.xcconfig */;
			buildSettings = {
				ALWAYS_EMBED_SWIFT_STANDARD_LIBRARIES = YES;
				CODE_SIGN_STYLE = Automatic;
				DEVELOPMENT_TEAM = 9D43652ZYM;
				INFOPLIST_FILE = NewsUITests/Info.plist;
				LD_RUNPATH_SEARCH_PATHS = (
					"$(inherited)",
					"@executable_path/Frameworks",
					"@loader_path/Frameworks",
				);
				PRODUCT_BUNDLE_IDENTIFIER = com.rion.NewsUITests;
				PRODUCT_NAME = "$(TARGET_NAME)";
				SWIFT_VERSION = 4.2;
				TARGETED_DEVICE_FAMILY = "1,2";
				TEST_TARGET_NAME = News;
			};
			name = Release;
		};
/* End XCBuildConfiguration section */

/* Begin XCConfigurationList section */
		AEDEA607221444F8006074A1 /* Build configuration list for PBXProject "News" */ = {
			isa = XCConfigurationList;
			buildConfigurations = (
				AEDEA632221444FA006074A1 /* Debug */,
				AEDEA633221444FA006074A1 /* Release */,
			);
			defaultConfigurationIsVisible = 0;
			defaultConfigurationName = Release;
		};
		AEDEA634221444FA006074A1 /* Build configuration list for PBXNativeTarget "News" */ = {
			isa = XCConfigurationList;
			buildConfigurations = (
				AEDEA635221444FA006074A1 /* Debug */,
				AEDEA636221444FA006074A1 /* Release */,
			);
			defaultConfigurationIsVisible = 0;
			defaultConfigurationName = Release;
		};
		AEDEA637221444FA006074A1 /* Build configuration list for PBXNativeTarget "NewsTests" */ = {
			isa = XCConfigurationList;
			buildConfigurations = (
				AEDEA638221444FA006074A1 /* Debug */,
				AEDEA639221444FA006074A1 /* Release */,
			);
			defaultConfigurationIsVisible = 0;
			defaultConfigurationName = Release;
		};
		AEDEA63A221444FA006074A1 /* Build configuration list for PBXNativeTarget "NewsUITests" */ = {
			isa = XCConfigurationList;
			buildConfigurations = (
				AEDEA63B221444FA006074A1 /* Debug */,
				AEDEA63C221444FA006074A1 /* Release */,
			);
			defaultConfigurationIsVisible = 0;
			defaultConfigurationName = Release;
		};
/* End XCConfigurationList section */
	};
	rootObject = AEDEA604221444F8006074A1 /* Project object */;
}
